// !$*UTF8*$!
{
	archiveVersion = 1;
	classes = {
	};
	objectVersion = 56;
	objects = {

/* Begin PBXBuildFile section */
		32286E232CC162B0008215B7 /* UserCard.swift in Sources */ = {isa = PBXBuildFile; fileRef = 32286E222CC162B0008215B7 /* UserCard.swift */; };
		32286E252CC1630C008215B7 /* HomeScreen.swift in Sources */ = {isa = PBXBuildFile; fileRef = 32286E242CC1630C008215B7 /* HomeScreen.swift */; };
		32286E272CC1633E008215B7 /* HomeViewModel.swift in Sources */ = {isa = PBXBuildFile; fileRef = 32286E262CC1633E008215B7 /* HomeViewModel.swift */; };
		32286E292CC1652B008215B7 /* UserCardView.swift in Sources */ = {isa = PBXBuildFile; fileRef = 32286E282CC1652B008215B7 /* UserCardView.swift */; };
		32286E452CC17627008215B7 /* RoundButton.swift in Sources */ = {isa = PBXBuildFile; fileRef = 32286E442CC17627008215B7 /* RoundButton.swift */; };
		32286E472CC178F5008215B7 /* View+Extension.swift in Sources */ = {isa = PBXBuildFile; fileRef = 32286E462CC178F5008215B7 /* View+Extension.swift */; };
		3243E9E12CC0310500ACB2B4 /* TanTanApp.swift in Sources */ = {isa = PBXBuildFile; fileRef = 3243E9E02CC0310500ACB2B4 /* TanTanApp.swift */; };
		3243E9E32CC0310500ACB2B4 /* ContentView.swift in Sources */ = {isa = PBXBuildFile; fileRef = 3243E9E22CC0310500ACB2B4 /* ContentView.swift */; };
		3243E9E52CC0310600ACB2B4 /* Assets.xcassets in Resources */ = {isa = PBXBuildFile; fileRef = 3243E9E42CC0310600ACB2B4 /* Assets.xcassets */; };
		3243E9E82CC0310600ACB2B4 /* Preview Assets.xcassets in Resources */ = {isa = PBXBuildFile; fileRef = 3243E9E72CC0310600ACB2B4 /* Preview Assets.xcassets */; };
		3243E9EF2CC0373300ACB2B4 /* AppState.swift in Sources */ = {isa = PBXBuildFile; fileRef = 3243E9EE2CC0373300ACB2B4 /* AppState.swift */; };
		326CD9502CC4E45400794409 /* CardContainerView.swift in Sources */ = {isa = PBXBuildFile; fileRef = 326CD94F2CC4E45400794409 /* CardContainerView.swift */; };
		326CD9522CC4F16B00794409 /* NoResultView.swift in Sources */ = {isa = PBXBuildFile; fileRef = 326CD9512CC4F16B00794409 /* NoResultView.swift */; };
		326CD9592CC4F7EB00794409 /* CardDetailView.swift in Sources */ = {isa = PBXBuildFile; fileRef = 326CD9582CC4F7EB00794409 /* CardDetailView.swift */; };
		326CD9752CC5148300794409 /* PickView.swift in Sources */ = {isa = PBXBuildFile; fileRef = 326CD9742CC5148300794409 /* PickView.swift */; };
		326CD9772CC5188200794409 /* PickListView.swift in Sources */ = {isa = PBXBuildFile; fileRef = 326CD9762CC5188200794409 /* PickListView.swift */; };
		326CD9B52CC6A90400794409 /* User.swift in Sources */ = {isa = PBXBuildFile; fileRef = 326CD9B42CC6A90400794409 /* User.swift */; };
		326CD9B72CC6A96A00794409 /* Message.swift in Sources */ = {isa = PBXBuildFile; fileRef = 326CD9B62CC6A96A00794409 /* Message.swift */; };
		326CD9BA2CC6AA3600794409 /* MessageScreen.swift in Sources */ = {isa = PBXBuildFile; fileRef = 326CD9B92CC6AA3600794409 /* MessageScreen.swift */; };
		326CD9BD2CC6AA6F00794409 /* MessageView.swift in Sources */ = {isa = PBXBuildFile; fileRef = 326CD9BC2CC6AA6F00794409 /* MessageView.swift */; };
		326CD9BF2CC6AC5900794409 /* ChatView.swift in Sources */ = {isa = PBXBuildFile; fileRef = 326CD9BE2CC6AC5900794409 /* ChatView.swift */; };
		326CD9C12CC6AC7A00794409 /* ChatManager.swift in Sources */ = {isa = PBXBuildFile; fileRef = 326CD9C02CC6AC7A00794409 /* ChatManager.swift */; };
		326CD9C32CC6AE6800794409 /* ChatViewHeader.swift in Sources */ = {isa = PBXBuildFile; fileRef = 326CD9C22CC6AE6800794409 /* ChatViewHeader.swift */; };
		326CD9C52CC6AF9B00794409 /* CircleAvator.swift in Sources */ = {isa = PBXBuildFile; fileRef = 326CD9C42CC6AF9B00794409 /* CircleAvator.swift */; };
		326CD9C72CC6BC4200794409 /* MessageListScreen.swift in Sources */ = {isa = PBXBuildFile; fileRef = 326CD9C62CC6BC4200794409 /* MessageListScreen.swift */; };
		326CD9C92CC6BC6E00794409 /* MessageListViewModel.swift in Sources */ = {isa = PBXBuildFile; fileRef = 326CD9C82CC6BC6E00794409 /* MessageListViewModel.swift */; };
		326CD9CB2CC6BC9D00794409 /* MessagePreview.swift in Sources */ = {isa = PBXBuildFile; fileRef = 326CD9CA2CC6BC9D00794409 /* MessagePreview.swift */; };
		326CD9CD2CC6C17100794409 /* MessageListRowView.swift in Sources */ = {isa = PBXBuildFile; fileRef = 326CD9CC2CC6C17100794409 /* MessageListRowView.swift */; };
		326F94DA2CC80169003B7BF4 /* ProfileScreen.swift in Sources */ = {isa = PBXBuildFile; fileRef = 326F94D92CC80169003B7BF4 /* ProfileScreen.swift */; };
		326F94DC2CC80180003B7BF4 /* ProfileViewModel.swift in Sources */ = {isa = PBXBuildFile; fileRef = 326F94DB2CC80180003B7BF4 /* ProfileViewModel.swift */; };
		326F94F92CC80C4E003B7BF4 /* SwipeCard.swift in Sources */ = {isa = PBXBuildFile; fileRef = 326F94F82CC80C4E003B7BF4 /* SwipeCard.swift */; };
/* End PBXBuildFile section */

/* Begin PBXFileReference section */
		32286E222CC162B0008215B7 /* UserCard.swift */ = {isa = PBXFileReference; lastKnownFileType = sourcecode.swift; path = UserCard.swift; sourceTree = "<group>"; };
		32286E242CC1630C008215B7 /* HomeScreen.swift */ = {isa = PBXFileReference; lastKnownFileType = sourcecode.swift; path = HomeScreen.swift; sourceTree = "<group>"; };
		32286E262CC1633E008215B7 /* HomeViewModel.swift */ = {isa = PBXFileReference; lastKnownFileType = sourcecode.swift; path = HomeViewModel.swift; sourceTree = "<group>"; };
		32286E282CC1652B008215B7 /* UserCardView.swift */ = {isa = PBXFileReference; lastKnownFileType = sourcecode.swift; path = UserCardView.swift; sourceTree = "<group>"; };
		32286E442CC17627008215B7 /* RoundButton.swift */ = {isa = PBXFileReference; lastKnownFileType = sourcecode.swift; path = RoundButton.swift; sourceTree = "<group>"; };
		32286E462CC178F5008215B7 /* View+Extension.swift */ = {isa = PBXFileReference; lastKnownFileType = sourcecode.swift; path = "View+Extension.swift"; sourceTree = "<group>"; };
		3243E9DD2CC0310500ACB2B4 /* TanTan.app */ = {isa = PBXFileReference; explicitFileType = wrapper.application; includeInIndex = 0; path = TanTan.app; sourceTree = BUILT_PRODUCTS_DIR; };
		3243E9E02CC0310500ACB2B4 /* TanTanApp.swift */ = {isa = PBXFileReference; lastKnownFileType = sourcecode.swift; path = TanTanApp.swift; sourceTree = "<group>"; };
		3243E9E22CC0310500ACB2B4 /* ContentView.swift */ = {isa = PBXFileReference; lastKnownFileType = sourcecode.swift; path = ContentView.swift; sourceTree = "<group>"; };
		3243E9E42CC0310600ACB2B4 /* Assets.xcassets */ = {isa = PBXFileReference; lastKnownFileType = folder.assetcatalog; path = Assets.xcassets; sourceTree = "<group>"; };
		3243E9E72CC0310600ACB2B4 /* Preview Assets.xcassets */ = {isa = PBXFileReference; lastKnownFileType = folder.assetcatalog; path = "Preview Assets.xcassets"; sourceTree = "<group>"; };
		3243E9EE2CC0373300ACB2B4 /* AppState.swift */ = {isa = PBXFileReference; lastKnownFileType = sourcecode.swift; path = AppState.swift; sourceTree = "<group>"; };
		326CD94F2CC4E45400794409 /* CardContainerView.swift */ = {isa = PBXFileReference; lastKnownFileType = sourcecode.swift; path = CardContainerView.swift; sourceTree = "<group>"; };
		326CD9512CC4F16B00794409 /* NoResultView.swift */ = {isa = PBXFileReference; lastKnownFileType = sourcecode.swift; path = NoResultView.swift; sourceTree = "<group>"; };
		326CD9582CC4F7EB00794409 /* CardDetailView.swift */ = {isa = PBXFileReference; lastKnownFileType = sourcecode.swift; path = CardDetailView.swift; sourceTree = "<group>"; };
		326CD9742CC5148300794409 /* PickView.swift */ = {isa = PBXFileReference; lastKnownFileType = sourcecode.swift; path = PickView.swift; sourceTree = "<group>"; };
		326CD9762CC5188200794409 /* PickListView.swift */ = {isa = PBXFileReference; lastKnownFileType = sourcecode.swift; path = PickListView.swift; sourceTree = "<group>"; };
		326CD9B42CC6A90400794409 /* User.swift */ = {isa = PBXFileReference; lastKnownFileType = sourcecode.swift; path = User.swift; sourceTree = "<group>"; };
		326CD9B62CC6A96A00794409 /* Message.swift */ = {isa = PBXFileReference; lastKnownFileType = sourcecode.swift; path = Message.swift; sourceTree = "<group>"; };
		326CD9B92CC6AA3600794409 /* MessageScreen.swift */ = {isa = PBXFileReference; lastKnownFileType = sourcecode.swift; path = MessageScreen.swift; sourceTree = "<group>"; };
		326CD9BC2CC6AA6F00794409 /* MessageView.swift */ = {isa = PBXFileReference; lastKnownFileType = sourcecode.swift; path = MessageView.swift; sourceTree = "<group>"; };
		326CD9BE2CC6AC5900794409 /* ChatView.swift */ = {isa = PBXFileReference; lastKnownFileType = sourcecode.swift; path = ChatView.swift; sourceTree = "<group>"; };
		326CD9C02CC6AC7A00794409 /* ChatManager.swift */ = {isa = PBXFileReference; lastKnownFileType = sourcecode.swift; path = ChatManager.swift; sourceTree = "<group>"; };
		326CD9C22CC6AE6800794409 /* ChatViewHeader.swift */ = {isa = PBXFileReference; lastKnownFileType = sourcecode.swift; path = ChatViewHeader.swift; sourceTree = "<group>"; };
		326CD9C42CC6AF9B00794409 /* CircleAvator.swift */ = {isa = PBXFileReference; lastKnownFileType = sourcecode.swift; path = CircleAvator.swift; sourceTree = "<group>"; };
		326CD9C62CC6BC4200794409 /* MessageListScreen.swift */ = {isa = PBXFileReference; lastKnownFileType = sourcecode.swift; path = MessageListScreen.swift; sourceTree = "<group>"; };
		326CD9C82CC6BC6E00794409 /* MessageListViewModel.swift */ = {isa = PBXFileReference; lastKnownFileType = sourcecode.swift; path = MessageListViewModel.swift; sourceTree = "<group>"; };
		326CD9CA2CC6BC9D00794409 /* MessagePreview.swift */ = {isa = PBXFileReference; lastKnownFileType = sourcecode.swift; path = MessagePreview.swift; sourceTree = "<group>"; };
		326CD9CC2CC6C17100794409 /* MessageListRowView.swift */ = {isa = PBXFileReference; lastKnownFileType = sourcecode.swift; path = MessageListRowView.swift; sourceTree = "<group>"; };
		326F94D92CC80169003B7BF4 /* ProfileScreen.swift */ = {isa = PBXFileReference; lastKnownFileType = sourcecode.swift; path = ProfileScreen.swift; sourceTree = "<group>"; };
		326F94DB2CC80180003B7BF4 /* ProfileViewModel.swift */ = {isa = PBXFileReference; lastKnownFileType = sourcecode.swift; path = ProfileViewModel.swift; sourceTree = "<group>"; };
		326F94F82CC80C4E003B7BF4 /* SwipeCard.swift */ = {isa = PBXFileReference; lastKnownFileType = sourcecode.swift; path = SwipeCard.swift; sourceTree = "<group>"; };
/* End PBXFileReference section */

/* Begin PBXFrameworksBuildPhase section */
		3243E9DA2CC0310500ACB2B4 /* Frameworks */ = {
			isa = PBXFrameworksBuildPhase;
			buildActionMask = 2147483647;
			files = (
			);
			runOnlyForDeploymentPostprocessing = 0;
		};
/* End PBXFrameworksBuildPhase section */

/* Begin PBXGroup section */
		3243E9D42CC0310500ACB2B4 = {
			isa = PBXGroup;
			children = (
				3243E9DF2CC0310500ACB2B4 /* TanTan */,
				3243E9DE2CC0310500ACB2B4 /* Products */,
			);
			sourceTree = "<group>";
		};
		3243E9DE2CC0310500ACB2B4 /* Products */ = {
			isa = PBXGroup;
			children = (
				3243E9DD2CC0310500ACB2B4 /* TanTan.app */,
			);
			name = Products;
			sourceTree = "<group>";
		};
		3243E9DF2CC0310500ACB2B4 /* TanTan */ = {
			isa = PBXGroup;
			children = (
				326CD9572CC4F70500794409 /* Model */,
				326CD9562CC4F6C600794409 /* Component */,
				326CD9552CC4F6B500794409 /* Extension */,
				326CD9532CC4F68700794409 /* Core */,
				3243E9E02CC0310500ACB2B4 /* TanTanApp.swift */,
				3243E9E22CC0310500ACB2B4 /* ContentView.swift */,
				3243E9EE2CC0373300ACB2B4 /* AppState.swift */,
				3243E9E42CC0310600ACB2B4 /* Assets.xcassets */,
				3243E9E62CC0310600ACB2B4 /* Preview Content */,
			);
			path = TanTan;
			sourceTree = "<group>";
		};
		3243E9E62CC0310600ACB2B4 /* Preview Content */ = {
			isa = PBXGroup;
			children = (
				3243E9E72CC0310600ACB2B4 /* Preview Assets.xcassets */,
			);
			path = "Preview Content";
			sourceTree = "<group>";
		};
		326CD9532CC4F68700794409 /* Core */ = {
			isa = PBXGroup;
			children = (
				326F94D82CC8014E003B7BF4 /* Profile */,
				326CD9B82CC6AA1E00794409 /* Message */,
				326CD9542CC4F69C00794409 /* Home */,
			);
			path = Core;
			sourceTree = "<group>";
		};
		326CD9542CC4F69C00794409 /* Home */ = {
			isa = PBXGroup;
			children = (
				32286E242CC1630C008215B7 /* HomeScreen.swift */,
				32286E262CC1633E008215B7 /* HomeViewModel.swift */,
			);
			path = Home;
			sourceTree = "<group>";
		};
		326CD9552CC4F6B500794409 /* Extension */ = {
			isa = PBXGroup;
			children = (
				32286E462CC178F5008215B7 /* View+Extension.swift */,
			);
			path = Extension;
			sourceTree = "<group>";
		};
		326CD9562CC4F6C600794409 /* Component */ = {
			isa = PBXGroup;
			children = (
				326CD9512CC4F16B00794409 /* NoResultView.swift */,
				32286E282CC1652B008215B7 /* UserCardView.swift */,
				32286E442CC17627008215B7 /* RoundButton.swift */,
				326CD94F2CC4E45400794409 /* CardContainerView.swift */,
				326CD9582CC4F7EB00794409 /* CardDetailView.swift */,
				326CD9742CC5148300794409 /* PickView.swift */,
				326CD9762CC5188200794409 /* PickListView.swift */,
				326CD9C42CC6AF9B00794409 /* CircleAvator.swift */,
			);
			path = Component;
			sourceTree = "<group>";
		};
		326CD9572CC4F70500794409 /* Model */ = {
			isa = PBXGroup;
			children = (
				32286E222CC162B0008215B7 /* UserCard.swift */,
				326CD9B42CC6A90400794409 /* User.swift */,
				326CD9B62CC6A96A00794409 /* Message.swift */,
				326CD9CA2CC6BC9D00794409 /* MessagePreview.swift */,
			);
			path = Model;
			sourceTree = "<group>";
		};
		326CD9B82CC6AA1E00794409 /* Message */ = {
			isa = PBXGroup;
			children = (
				326CD9BB2CC6AA4E00794409 /* Component */,
				326CD9B92CC6AA3600794409 /* MessageScreen.swift */,
				326CD9C02CC6AC7A00794409 /* ChatManager.swift */,
				326CD9C62CC6BC4200794409 /* MessageListScreen.swift */,
				326CD9C82CC6BC6E00794409 /* MessageListViewModel.swift */,
			);
			path = Message;
			sourceTree = "<group>";
		};
		326CD9BB2CC6AA4E00794409 /* Component */ = {
			isa = PBXGroup;
			children = (
				326CD9BC2CC6AA6F00794409 /* MessageView.swift */,
				326CD9BE2CC6AC5900794409 /* ChatView.swift */,
				326CD9C22CC6AE6800794409 /* ChatViewHeader.swift */,
				326CD9CC2CC6C17100794409 /* MessageListRowView.swift */,
			);
			path = Component;
			sourceTree = "<group>";
		};
		326F94D82CC8014E003B7BF4 /* Profile */ = {
			isa = PBXGroup;
			children = (
				326F94F72CC80C39003B7BF4 /* Component */,
				326F94D92CC80169003B7BF4 /* ProfileScreen.swift */,
				326F94DB2CC80180003B7BF4 /* ProfileViewModel.swift */,
			);
			path = Profile;
			sourceTree = "<group>";
		};
		326F94F72CC80C39003B7BF4 /* Component */ = {
			isa = PBXGroup;
			children = (
				326F94F82CC80C4E003B7BF4 /* SwipeCard.swift */,
			);
			path = Component;
			sourceTree = "<group>";
		};
/* End PBXGroup section */

/* Begin PBXNativeTarget section */
		3243E9DC2CC0310500ACB2B4 /* TanTan */ = {
			isa = PBXNativeTarget;
			buildConfigurationList = 3243E9EB2CC0310600ACB2B4 /* Build configuration list for PBXNativeTarget "TanTan" */;
			buildPhases = (
				3243E9D92CC0310500ACB2B4 /* Sources */,
				3243E9DA2CC0310500ACB2B4 /* Frameworks */,
				3243E9DB2CC0310500ACB2B4 /* Resources */,
			);
			buildRules = (
			);
			dependencies = (
			);
			name = TanTan;
			productName = TanTan;
			productReference = 3243E9DD2CC0310500ACB2B4 /* TanTan.app */;
			productType = "com.apple.product-type.application";
		};
/* End PBXNativeTarget section */

/* Begin PBXProject section */
		3243E9D52CC0310500ACB2B4 /* Project object */ = {
			isa = PBXProject;
			attributes = {
				BuildIndependentTargetsInParallel = 1;
				LastSwiftUpdateCheck = 1530;
				LastUpgradeCheck = 1530;
				TargetAttributes = {
					3243E9DC2CC0310500ACB2B4 = {
						CreatedOnToolsVersion = 15.3;
					};
				};
			};
			buildConfigurationList = 3243E9D82CC0310500ACB2B4 /* Build configuration list for PBXProject "TanTan" */;
			compatibilityVersion = "Xcode 14.0";
			developmentRegion = en;
			hasScannedForEncodings = 0;
			knownRegions = (
				en,
				Base,
			);
			mainGroup = 3243E9D42CC0310500ACB2B4;
			productRefGroup = 3243E9DE2CC0310500ACB2B4 /* Products */;
			projectDirPath = "";
			projectRoot = "";
			targets = (
				3243E9DC2CC0310500ACB2B4 /* TanTan */,
			);
		};
/* End PBXProject section */

/* Begin PBXResourcesBuildPhase section */
		3243E9DB2CC0310500ACB2B4 /* Resources */ = {
			isa = PBXResourcesBuildPhase;
			buildActionMask = 2147483647;
			files = (
				3243E9E82CC0310600ACB2B4 /* Preview Assets.xcassets in Resources */,
				3243E9E52CC0310600ACB2B4 /* Assets.xcassets in Resources */,
			);
			runOnlyForDeploymentPostprocessing = 0;
		};
/* End PBXResourcesBuildPhase section */

/* Begin PBXSourcesBuildPhase section */
		3243E9D92CC0310500ACB2B4 /* Sources */ = {
			isa = PBXSourcesBuildPhase;
			buildActionMask = 2147483647;
			files = (
				326CD9BF2CC6AC5900794409 /* ChatView.swift in Sources */,
				32286E452CC17627008215B7 /* RoundButton.swift in Sources */,
				326CD9C92CC6BC6E00794409 /* MessageListViewModel.swift in Sources */,
				3243E9EF2CC0373300ACB2B4 /* AppState.swift in Sources */,
				326CD9752CC5148300794409 /* PickView.swift in Sources */,
				326CD9502CC4E45400794409 /* CardContainerView.swift in Sources */,
				326F94DC2CC80180003B7BF4 /* ProfileViewModel.swift in Sources */,
				326F94F92CC80C4E003B7BF4 /* SwipeCard.swift in Sources */,
				326CD9CB2CC6BC9D00794409 /* MessagePreview.swift in Sources */,
				326CD9C72CC6BC4200794409 /* MessageListScreen.swift in Sources */,
				326CD9592CC4F7EB00794409 /* CardDetailView.swift in Sources */,
				32286E272CC1633E008215B7 /* HomeViewModel.swift in Sources */,
				326CD9C32CC6AE6800794409 /* ChatViewHeader.swift in Sources */,
				32286E252CC1630C008215B7 /* HomeScreen.swift in Sources */,
				326CD9772CC5188200794409 /* PickListView.swift in Sources */,
				326CD9B52CC6A90400794409 /* User.swift in Sources */,
				326CD9BA2CC6AA3600794409 /* MessageScreen.swift in Sources */,
				3243E9E32CC0310500ACB2B4 /* ContentView.swift in Sources */,
				32286E232CC162B0008215B7 /* UserCard.swift in Sources */,
				326CD9BD2CC6AA6F00794409 /* MessageView.swift in Sources */,
				326CD9522CC4F16B00794409 /* NoResultView.swift in Sources */,
				326CD9C12CC6AC7A00794409 /* ChatManager.swift in Sources */,
				3243E9E12CC0310500ACB2B4 /* TanTanApp.swift in Sources */,
				326CD9CD2CC6C17100794409 /* MessageListRowView.swift in Sources */,
				326F94DA2CC80169003B7BF4 /* ProfileScreen.swift in Sources */,
				326CD9B72CC6A96A00794409 /* Message.swift in Sources */,
				32286E472CC178F5008215B7 /* View+Extension.swift in Sources */,
				326CD9C52CC6AF9B00794409 /* CircleAvator.swift in Sources */,
				32286E292CC1652B008215B7 /* UserCardView.swift in Sources */,
			);
			runOnlyForDeploymentPostprocessing = 0;
		};
/* End PBXSourcesBuildPhase section */

/* Begin XCBuildConfiguration section */
		3243E9E92CC0310600ACB2B4 /* Debug */ = {
			isa = XCBuildConfiguration;
			buildSettings = {
				ALWAYS_SEARCH_USER_PATHS = NO;
				ASSETCATALOG_COMPILER_GENERATE_SWIFT_ASSET_SYMBOL_EXTENSIONS = YES;
				CLANG_ANALYZER_NONNULL = YES;
				CLANG_ANALYZER_NUMBER_OBJECT_CONVERSION = YES_AGGRESSIVE;
				CLANG_CXX_LANGUAGE_STANDARD = "gnu++20";
				CLANG_ENABLE_MODULES = YES;
				CLANG_ENABLE_OBJC_ARC = YES;
				CLANG_ENABLE_OBJC_WEAK = YES;
				CLANG_WARN_BLOCK_CAPTURE_AUTORELEASING = YES;
				CLANG_WARN_BOOL_CONVERSION = YES;
				CLANG_WARN_COMMA = YES;
				CLANG_WARN_CONSTANT_CONVERSION = YES;
				CLANG_WARN_DEPRECATED_OBJC_IMPLEMENTATIONS = YES;
				CLANG_WARN_DIRECT_OBJC_ISA_USAGE = YES_ERROR;
				CLANG_WARN_DOCUMENTATION_COMMENTS = YES;
				CLANG_WARN_EMPTY_BODY = YES;
				CLANG_WARN_ENUM_CONVERSION = YES;
				CLANG_WARN_INFINITE_RECURSION = YES;
				CLANG_WARN_INT_CONVERSION = YES;
				CLANG_WARN_NON_LITERAL_NULL_CONVERSION = YES;
				CLANG_WARN_OBJC_IMPLICIT_RETAIN_SELF = YES;
				CLANG_WARN_OBJC_LITERAL_CONVERSION = YES;
				CLANG_WARN_OBJC_ROOT_CLASS = YES_ERROR;
				CLANG_WARN_QUOTED_INCLUDE_IN_FRAMEWORK_HEADER = YES;
				CLANG_WARN_RANGE_LOOP_ANALYSIS = YES;
				CLANG_WARN_STRICT_PROTOTYPES = YES;
				CLANG_WARN_SUSPICIOUS_MOVE = YES;
				CLANG_WARN_UNGUARDED_AVAILABILITY = YES_AGGRESSIVE;
				CLANG_WARN_UNREACHABLE_CODE = YES;
				CLANG_WARN__DUPLICATE_METHOD_MATCH = YES;
				COPY_PHASE_STRIP = NO;
				DEBUG_INFORMATION_FORMAT = dwarf;
				ENABLE_STRICT_OBJC_MSGSEND = YES;
				ENABLE_TESTABILITY = YES;
				ENABLE_USER_SCRIPT_SANDBOXING = YES;
				GCC_C_LANGUAGE_STANDARD = gnu17;
				GCC_DYNAMIC_NO_PIC = NO;
				GCC_NO_COMMON_BLOCKS = YES;
				GCC_OPTIMIZATION_LEVEL = 0;
				GCC_PREPROCESSOR_DEFINITIONS = (
					"DEBUG=1",
					"$(inherited)",
				);
				GCC_WARN_64_TO_32_BIT_CONVERSION = YES;
				GCC_WARN_ABOUT_RETURN_TYPE = YES_ERROR;
				GCC_WARN_UNDECLARED_SELECTOR = YES;
				GCC_WARN_UNINITIALIZED_AUTOS = YES_AGGRESSIVE;
				GCC_WARN_UNUSED_FUNCTION = YES;
				GCC_WARN_UNUSED_VARIABLE = YES;
				IPHONEOS_DEPLOYMENT_TARGET = 17.4;
				LOCALIZATION_PREFERS_STRING_CATALOGS = YES;
				MTL_ENABLE_DEBUG_INFO = INCLUDE_SOURCE;
				MTL_FAST_MATH = YES;
				ONLY_ACTIVE_ARCH = YES;
				SDKROOT = iphoneos;
				SWIFT_ACTIVE_COMPILATION_CONDITIONS = "DEBUG $(inherited)";
				SWIFT_OPTIMIZATION_LEVEL = "-Onone";
			};
			name = Debug;
		};
		3243E9EA2CC0310600ACB2B4 /* Release */ = {
			isa = XCBuildConfiguration;
			buildSettings = {
				ALWAYS_SEARCH_USER_PATHS = NO;
				ASSETCATALOG_COMPILER_GENERATE_SWIFT_ASSET_SYMBOL_EXTENSIONS = YES;
				CLANG_ANALYZER_NONNULL = YES;
				CLANG_ANALYZER_NUMBER_OBJECT_CONVERSION = YES_AGGRESSIVE;
				CLANG_CXX_LANGUAGE_STANDARD = "gnu++20";
				CLANG_ENABLE_MODULES = YES;
				CLANG_ENABLE_OBJC_ARC = YES;
				CLANG_ENABLE_OBJC_WEAK = YES;
				CLANG_WARN_BLOCK_CAPTURE_AUTORELEASING = YES;
				CLANG_WARN_BOOL_CONVERSION = YES;
				CLANG_WARN_COMMA = YES;
				CLANG_WARN_CONSTANT_CONVERSION = YES;
				CLANG_WARN_DEPRECATED_OBJC_IMPLEMENTATIONS = YES;
				CLANG_WARN_DIRECT_OBJC_ISA_USAGE = YES_ERROR;
				CLANG_WARN_DOCUMENTATION_COMMENTS = YES;
				CLANG_WARN_EMPTY_BODY = YES;
				CLANG_WARN_ENUM_CONVERSION = YES;
				CLANG_WARN_INFINITE_RECURSION = YES;
				CLANG_WARN_INT_CONVERSION = YES;
				CLANG_WARN_NON_LITERAL_NULL_CONVERSION = YES;
				CLANG_WARN_OBJC_IMPLICIT_RETAIN_SELF = YES;
				CLANG_WARN_OBJC_LITERAL_CONVERSION = YES;
				CLANG_WARN_OBJC_ROOT_CLASS = YES_ERROR;
				CLANG_WARN_QUOTED_INCLUDE_IN_FRAMEWORK_HEADER = YES;
				CLANG_WARN_RANGE_LOOP_ANALYSIS = YES;
				CLANG_WARN_STRICT_PROTOTYPES = YES;
				CLANG_WARN_SUSPICIOUS_MOVE = YES;
				CLANG_WARN_UNGUARDED_AVAILABILITY = YES_AGGRESSIVE;
				CLANG_WARN_UNREACHABLE_CODE = YES;
				CLANG_WARN__DUPLICATE_METHOD_MATCH = YES;
				COPY_PHASE_STRIP = NO;
				DEBUG_INFORMATION_FORMAT = "dwarf-with-dsym";
				ENABLE_NS_ASSERTIONS = NO;
				ENABLE_STRICT_OBJC_MSGSEND = YES;
				ENABLE_USER_SCRIPT_SANDBOXING = YES;
				GCC_C_LANGUAGE_STANDARD = gnu17;
				GCC_NO_COMMON_BLOCKS = YES;
				GCC_WARN_64_TO_32_BIT_CONVERSION = YES;
				GCC_WARN_ABOUT_RETURN_TYPE = YES_ERROR;
				GCC_WARN_UNDECLARED_SELECTOR = YES;
				GCC_WARN_UNINITIALIZED_AUTOS = YES_AGGRESSIVE;
				GCC_WARN_UNUSED_FUNCTION = YES;
				GCC_WARN_UNUSED_VARIABLE = YES;
				IPHONEOS_DEPLOYMENT_TARGET = 17.4;
				LOCALIZATION_PREFERS_STRING_CATALOGS = YES;
				MTL_ENABLE_DEBUG_INFO = NO;
				MTL_FAST_MATH = YES;
				SDKROOT = iphoneos;
				SWIFT_COMPILATION_MODE = wholemodule;
				VALIDATE_PRODUCT = YES;
			};
			name = Release;
		};
		3243E9EC2CC0310600ACB2B4 /* Debug */ = {
			isa = XCBuildConfiguration;
			buildSettings = {
				ASSETCATALOG_COMPILER_APPICON_NAME = AppIcon;
				ASSETCATALOG_COMPILER_GLOBAL_ACCENT_COLOR_NAME = AccentColor;
				CODE_SIGN_STYLE = Automatic;
				CURRENT_PROJECT_VERSION = 1;
				DEVELOPMENT_ASSET_PATHS = "\"TanTan/Preview Content\"";
				ENABLE_PREVIEWS = YES;
				GENERATE_INFOPLIST_FILE = YES;
				INFOPLIST_KEY_UIApplicationSceneManifest_Generation = YES;
				INFOPLIST_KEY_UIApplicationSupportsIndirectInputEvents = YES;
				INFOPLIST_KEY_UILaunchScreen_Generation = YES;
				INFOPLIST_KEY_UISupportedInterfaceOrientations_iPad = "UIInterfaceOrientationPortrait UIInterfaceOrientationPortraitUpsideDown UIInterfaceOrientationLandscapeLeft UIInterfaceOrientationLandscapeRight";
				INFOPLIST_KEY_UISupportedInterfaceOrientations_iPhone = "UIInterfaceOrientationPortrait UIInterfaceOrientationLandscapeLeft UIInterfaceOrientationLandscapeRight";
				LD_RUNPATH_SEARCH_PATHS = (
					"$(inherited)",
					"@executable_path/Frameworks",
				);
				MARKETING_VERSION = 1.0;
				PRODUCT_BUNDLE_IDENTIFIER = com.autohome.TanTan;
				PRODUCT_NAME = "$(TARGET_NAME)";
				SWIFT_EMIT_LOC_STRINGS = YES;
				SWIFT_VERSION = 5.0;
				TARGETED_DEVICE_FAMILY = "1,2";
			};
			name = Debug;
		};
		3243E9ED2CC0310600ACB2B4 /* Release */ = {
			isa = XCBuildConfiguration;
			buildSettings = {
				ASSETCATALOG_COMPILER_APPICON_NAME = AppIcon;
				ASSETCATALOG_COMPILER_GLOBAL_ACCENT_COLOR_NAME = AccentColor;
				CODE_SIGN_STYLE = Automatic;
				CURRENT_PROJECT_VERSION = 1;
				DEVELOPMENT_ASSET_PATHS = "\"TanTan/Preview Content\"";
				ENABLE_PREVIEWS = YES;
				GENERATE_INFOPLIST_FILE = YES;
				INFOPLIST_KEY_UIApplicationSceneManifest_Generation = YES;
				INFOPLIST_KEY_UIApplicationSupportsIndirectInputEvents = YES;
				INFOPLIST_KEY_UILaunchScreen_Generation = YES;
				INFOPLIST_KEY_UISupportedInterfaceOrientations_iPad = "UIInterfaceOrientationPortrait UIInterfaceOrientationPortraitUpsideDown UIInterfaceOrientationLandscapeLeft UIInterfaceOrientationLandscapeRight";
				INFOPLIST_KEY_UISupportedInterfaceOrientations_iPhone = "UIInterfaceOrientationPortrait UIInterfaceOrientationLandscapeLeft UIInterfaceOrientationLandscapeRight";
				LD_RUNPATH_SEARCH_PATHS = (
					"$(inherited)",
					"@executable_path/Frameworks",
				);
				MARKETING_VERSION = 1.0;
				PRODUCT_BUNDLE_IDENTIFIER = com.autohome.TanTan;
				PRODUCT_NAME = "$(TARGET_NAME)";
				SWIFT_EMIT_LOC_STRINGS = YES;
				SWIFT_VERSION = 5.0;
				TARGETED_DEVICE_FAMILY = "1,2";
			};
			name = Release;
		};
/* End XCBuildConfiguration section */

/* Begin XCConfigurationList section */
		3243E9D82CC0310500ACB2B4 /* Build configuration list for PBXProject "TanTan" */ = {
			isa = XCConfigurationList;
			buildConfigurations = (
				3243E9E92CC0310600ACB2B4 /* Debug */,
				3243E9EA2CC0310600ACB2B4 /* Release */,
			);
			defaultConfigurationIsVisible = 0;
			defaultConfigurationName = Release;
		};
		3243E9EB2CC0310600ACB2B4 /* Build configuration list for PBXNativeTarget "TanTan" */ = {
			isa = XCConfigurationList;
			buildConfigurations = (
				3243E9EC2CC0310600ACB2B4 /* Debug */,
				3243E9ED2CC0310600ACB2B4 /* Release */,
			);
			defaultConfigurationIsVisible = 0;
			defaultConfigurationName = Release;
		};
/* End XCConfigurationList section */
	};
	rootObject = 3243E9D52CC0310500ACB2B4 /* Project object */;
}
