// !$*UTF8*$!
{
	archiveVersion = 1;
	classes = {
	};
	objectVersion = 56;
	objects = {

/* Begin PBXBuildFile section */
		32286E232CC162B0008215B7 /* UserCard.swift in Sources */ = {isa = PBXBuildFile; fileRef = 32286E222CC162B0008215B7 /* UserCard.swift */; };
		32286E252CC1630C008215B7 /* HomeScreen.swift in Sources */ = {isa = PBXBuildFile; fileRef = 32286E242CC1630C008215B7 /* HomeScreen.swift */; };
		32286E272CC1633E008215B7 /* HomeViewModel.swift in Sources */ = {isa = PBXBuildFile; fileRef = 32286E262CC1633E008215B7 /* HomeViewModel.swift */; };
		32286E292CC1652B008215B7 /* UserCardView.swift in Sources */ = {isa = PBXBuildFile; fileRef = 32286E282CC1652B008215B7 /* UserCardView.swift */; };
		3243E9E12CC0310500ACB2B4 /* TanTanApp.swift in Sources */ = {isa = PBXBuildFile; fileRef = 3243E9E02CC0310500ACB2B4 /* TanTanApp.swift */; };
		3243E9E32CC0310500ACB2B4 /* ContentView.swift in Sources */ = {isa = PBXBuildFile; fileRef = 3243E9E22CC0310500ACB2B4 /* ContentView.swift */; };
		3243E9E52CC0310600ACB2B4 /* Assets.xcassets in Resources */ = {isa = PBXBuildFile; fileRef = 3243E9E42CC0310600ACB2B4 /* Assets.xcassets */; };
		3243E9E82CC0310600ACB2B4 /* Preview Assets.xcassets in Resources */ = {isa = PBXBuildFile; fileRef = 3243E9E72CC0310600ACB2B4 /* Preview Assets.xcassets */; };
		3243E9EF2CC0373300ACB2B4 /* AppState.swift in Sources */ = {isa = PBXBuildFile; fileRef = 3243E9EE2CC0373300ACB2B4 /* AppState.swift */; };
/* End PBXBuildFile section */

/* Begin PBXFileReference section */
		32286E222CC162B0008215B7 /* UserCard.swift */ = {isa = PBXFileReference; lastKnownFileType = sourcecode.swift; path = UserCard.swift; sourceTree = "<group>"; };
		32286E242CC1630C008215B7 /* HomeScreen.swift */ = {isa = PBXFileReference; lastKnownFileType = sourcecode.swift; path = HomeScreen.swift; sourceTree = "<group>"; };
		32286E262CC1633E008215B7 /* HomeViewModel.swift */ = {isa = PBXFileReference; lastKnownFileType = sourcecode.swift; path = HomeViewModel.swift; sourceTree = "<group>"; };
		32286E282CC1652B008215B7 /* UserCardView.swift */ = {isa = PBXFileReference; lastKnownFileType = sourcecode.swift; path = UserCardView.swift; sourceTree = "<group>"; };
		3243E9DD2CC0310500ACB2B4 /* TanTan.app */ = {isa = PBXFileReference; explicitFileType = wrapper.application; includeInIndex = 0; path = TanTan.app; sourceTree = BUILT_PRODUCTS_DIR; };
		3243E9E02CC0310500ACB2B4 /* TanTanApp.swift */ = {isa = PBXFileReference; lastKnownFileType = sourcecode.swift; path = TanTanApp.swift; sourceTree = "<group>"; };
		3243E9E22CC0310500ACB2B4 /* ContentView.swift */ = {isa = PBXFileReference; lastKnownFileType = sourcecode.swift; path = ContentView.swift; sourceTree = "<group>"; };
		3243E9E42CC0310600ACB2B4 /* Assets.xcassets */ = {isa = PBXFileReference; lastKnownFileType = folder.assetcatalog; path = Assets.xcassets; sourceTree = "<group>"; };
		3243E9E72CC0310600ACB2B4 /* Preview Assets.xcassets */ = {isa = PBXFileReference; lastKnownFileType = folder.assetcatalog; path = "Preview Assets.xcassets"; sourceTree = "<group>"; };
		3243E9EE2CC0373300ACB2B4 /* AppState.swift */ = {isa = PBXFileReference; lastKnownFileType = sourcecode.swift; path = AppState.swift; sourceTree = "<group>"; };
/* End PBXFileReference section */

/* Begin PBXFrameworksBuildPhase section */
		3243E9DA2CC0310500ACB2B4 /* Frameworks */ = {
			isa = PBXFrameworksBuildPhase;
			buildActionMask = 2147483647;
			files = (
			);
			runOnlyForDeploymentPostprocessing = 0;
		};
/* End PBXFrameworksBuildPhase section */

/* Begin PBXGroup section */
		3243E9D42CC0310500ACB2B4 = {
			isa = PBXGroup;
			children = (
				3243E9DF2CC0310500ACB2B4 /* TanTan */,
				3243E9DE2CC0310500ACB2B4 /* Products */,
			);
			sourceTree = "<group>";
		};
		3243E9DE2CC0310500ACB2B4 /* Products */ = {
			isa = PBXGroup;
			children = (
				3243E9DD2CC0310500ACB2B4 /* TanTan.app */,
			);
			name = Products;
			sourceTree = "<group>";
		};
		3243E9DF2CC0310500ACB2B4 /* TanTan */ = {
			isa = PBXGroup;
			children = (
				32286E282CC1652B008215B7 /* UserCardView.swift */,
				3243E9E02CC0310500ACB2B4 /* TanTanApp.swift */,
				3243E9E22CC0310500ACB2B4 /* ContentView.swift */,
				3243E9EE2CC0373300ACB2B4 /* AppState.swift */,
				3243E9E42CC0310600ACB2B4 /* Assets.xcassets */,
				3243E9E62CC0310600ACB2B4 /* Preview Content */,
				32286E222CC162B0008215B7 /* UserCard.swift */,
				32286E242CC1630C008215B7 /* HomeScreen.swift */,
				32286E262CC1633E008215B7 /* HomeViewModel.swift */,
			);
			path = TanTan;
			sourceTree = "<group>";
		};
		3243E9E62CC0310600ACB2B4 /* Preview Content */ = {
			isa = PBXGroup;
			children = (
				3243E9E72CC0310600ACB2B4 /* Preview Assets.xcassets */,
			);
			path = "Preview Content";
			sourceTree = "<group>";
		};
/* End PBXGroup section */

/* Begin PBXNativeTarget section */
		3243E9DC2CC0310500ACB2B4 /* TanTan */ = {
			isa = PBXNativeTarget;
			buildConfigurationList = 3243E9EB2CC0310600ACB2B4 /* Build configuration list for PBXNativeTarget "TanTan" */;
			buildPhases = (
				3243E9D92CC0310500ACB2B4 /* Sources */,
				3243E9DA2CC0310500ACB2B4 /* Frameworks */,
				3243E9DB2CC0310500ACB2B4 /* Resources */,
			);
			buildRules = (
			);
			dependencies = (
			);
			name = TanTan;
			productName = TanTan;
			productReference = 3243E9DD2CC0310500ACB2B4 /* TanTan.app */;
			productType = "com.apple.product-type.application";
		};
/* End PBXNativeTarget section */

/* Begin PBXProject section */
		3243E9D52CC0310500ACB2B4 /* Project object */ = {
			isa = PBXProject;
			attributes = {
				BuildIndependentTargetsInParallel = 1;
				LastSwiftUpdateCheck = 1530;
				LastUpgradeCheck = 1530;
				TargetAttributes = {
					3243E9DC2CC0310500ACB2B4 = {
						CreatedOnToolsVersion = 15.3;
					};
				};
			};
			buildConfigurationList = 3243E9D82CC0310500ACB2B4 /* Build configuration list for PBXProject "TanTan" */;
			compatibilityVersion = "Xcode 14.0";
			developmentRegion = en;
			hasScannedForEncodings = 0;
			knownRegions = (
				en,
				Base,
			);
			mainGroup = 3243E9D42CC0310500ACB2B4;
			productRefGroup = 3243E9DE2CC0310500ACB2B4 /* Products */;
			projectDirPath = "";
			projectRoot = "";
			targets = (
				3243E9DC2CC0310500ACB2B4 /* TanTan */,
			);
		};
/* End PBXProject section */

/* Begin PBXResourcesBuildPhase section */
		3243E9DB2CC0310500ACB2B4 /* Resources */ = {
			isa = PBXResourcesBuildPhase;
			buildActionMask = 2147483647;
			files = (
				3243E9E82CC0310600ACB2B4 /* Preview Assets.xcassets in Resources */,
				3243E9E52CC0310600ACB2B4 /* Assets.xcassets in Resources */,
			);
			runOnlyForDeploymentPostprocessing = 0;
		};
/* End PBXResourcesBuildPhase section */

/* Begin PBXSourcesBuildPhase section */
		3243E9D92CC0310500ACB2B4 /* Sources */ = {
			isa = PBXSourcesBuildPhase;
			buildActionMask = 2147483647;
			files = (
				3243E9EF2CC0373300ACB2B4 /* AppState.swift in Sources */,
				32286E272CC1633E008215B7 /* HomeViewModel.swift in Sources */,
				32286E252CC1630C008215B7 /* HomeScreen.swift in Sources */,
				3243E9E32CC0310500ACB2B4 /* ContentView.swift in Sources */,
				32286E232CC162B0008215B7 /* UserCard.swift in Sources */,
				3243E9E12CC0310500ACB2B4 /* TanTanApp.swift in Sources */,
				32286E292CC1652B008215B7 /* UserCardView.swift in Sources */,
			);
			runOnlyForDeploymentPostprocessing = 0;
		};
/* End PBXSourcesBuildPhase section */

/* Begin XCBuildConfiguration section */
		3243E9E92CC0310600ACB2B4 /* Debug */ = {
			isa = XCBuildConfiguration;
			buildSettings = {
				ALWAYS_SEARCH_USER_PATHS = NO;
				ASSETCATALOG_COMPILER_GENERATE_SWIFT_ASSET_SYMBOL_EXTENSIONS = YES;
				CLANG_ANALYZER_NONNULL = YES;
				CLANG_ANALYZER_NUMBER_OBJECT_CONVERSION = YES_AGGRESSIVE;
				CLANG_CXX_LANGUAGE_STANDARD = "gnu++20";
				CLANG_ENABLE_MODULES = YES;
				CLANG_ENABLE_OBJC_ARC = YES;
				CLANG_ENABLE_OBJC_WEAK = YES;
				CLANG_WARN_BLOCK_CAPTURE_AUTORELEASING = YES;
				CLANG_WARN_BOOL_CONVERSION = YES;
				CLANG_WARN_COMMA = YES;
				CLANG_WARN_CONSTANT_CONVERSION = YES;
				CLANG_WARN_DEPRECATED_OBJC_IMPLEMENTATIONS = YES;
				CLANG_WARN_DIRECT_OBJC_ISA_USAGE = YES_ERROR;
				CLANG_WARN_DOCUMENTATION_COMMENTS = YES;
				CLANG_WARN_EMPTY_BODY = YES;
				CLANG_WARN_ENUM_CONVERSION = YES;
				CLANG_WARN_INFINITE_RECURSION = YES;
				CLANG_WARN_INT_CONVERSION = YES;
				CLANG_WARN_NON_LITERAL_NULL_CONVERSION = YES;
				CLANG_WARN_OBJC_IMPLICIT_RETAIN_SELF = YES;
				CLANG_WARN_OBJC_LITERAL_CONVERSION = YES;
				CLANG_WARN_OBJC_ROOT_CLASS = YES_ERROR;
				CLANG_WARN_QUOTED_INCLUDE_IN_FRAMEWORK_HEADER = YES;
				CLANG_WARN_RANGE_LOOP_ANALYSIS = YES;
				CLANG_WARN_STRICT_PROTOTYPES = YES;
				CLANG_WARN_SUSPICIOUS_MOVE = YES;
				CLANG_WARN_UNGUARDED_AVAILABILITY = YES_AGGRESSIVE;
				CLANG_WARN_UNREACHABLE_CODE = YES;
				CLANG_WARN__DUPLICATE_METHOD_MATCH = YES;
				COPY_PHASE_STRIP = NO;
				DEBUG_INFORMATION_FORMAT = dwarf;
				ENABLE_STRICT_OBJC_MSGSEND = YES;
				ENABLE_TESTABILITY = YES;
				ENABLE_USER_SCRIPT_SANDBOXING = YES;
				GCC_C_LANGUAGE_STANDARD = gnu17;
				GCC_DYNAMIC_NO_PIC = NO;
				GCC_NO_COMMON_BLOCKS = YES;
				GCC_OPTIMIZATION_LEVEL = 0;
				GCC_PREPROCESSOR_DEFINITIONS = (
					"DEBUG=1",
					"$(inherited)",
				);
				GCC_WARN_64_TO_32_BIT_CONVERSION = YES;
				GCC_WARN_ABOUT_RETURN_TYPE = YES_ERROR;
				GCC_WARN_UNDECLARED_SELECTOR = YES;
				GCC_WARN_UNINITIALIZED_AUTOS = YES_AGGRESSIVE;
				GCC_WARN_UNUSED_FUNCTION = YES;
				GCC_WARN_UNUSED_VARIABLE = YES;
				IPHONEOS_DEPLOYMENT_TARGET = 17.4;
				LOCALIZATION_PREFERS_STRING_CATALOGS = YES;
				MTL_ENABLE_DEBUG_INFO = INCLUDE_SOURCE;
				MTL_FAST_MATH = YES;
				ONLY_ACTIVE_ARCH = YES;
				SDKROOT = iphoneos;
				SWIFT_ACTIVE_COMPILATION_CONDITIONS = "DEBUG $(inherited)";
				SWIFT_OPTIMIZATION_LEVEL = "-Onone";
			};
			name = Debug;
		};
		3243E9EA2CC0310600ACB2B4 /* Release */ = {
			isa = XCBuildConfiguration;
			buildSettings = {
				ALWAYS_SEARCH_USER_PATHS = NO;
				ASSETCATALOG_COMPILER_GENERATE_SWIFT_ASSET_SYMBOL_EXTENSIONS = YES;
				CLANG_ANALYZER_NONNULL = YES;
				CLANG_ANALYZER_NUMBER_OBJECT_CONVERSION = YES_AGGRESSIVE;
				CLANG_CXX_LANGUAGE_STANDARD = "gnu++20";
				CLANG_ENABLE_MODULES = YES;
				CLANG_ENABLE_OBJC_ARC = YES;
				CLANG_ENABLE_OBJC_WEAK = YES;
				CLANG_WARN_BLOCK_CAPTURE_AUTORELEASING = YES;
				CLANG_WARN_BOOL_CONVERSION = YES;
				CLANG_WARN_COMMA = YES;
				CLANG_WARN_CONSTANT_CONVERSION = YES;
				CLANG_WARN_DEPRECATED_OBJC_IMPLEMENTATIONS = YES;
				CLANG_WARN_DIRECT_OBJC_ISA_USAGE = YES_ERROR;
				CLANG_WARN_DOCUMENTATION_COMMENTS = YES;
				CLANG_WARN_EMPTY_BODY = YES;
				CLANG_WARN_ENUM_CONVERSION = YES;
				CLANG_WARN_INFINITE_RECURSION = YES;
				CLANG_WARN_INT_CONVERSION = YES;
				CLANG_WARN_NON_LITERAL_NULL_CONVERSION = YES;
				CLANG_WARN_OBJC_IMPLICIT_RETAIN_SELF = YES;
				CLANG_WARN_OBJC_LITERAL_CONVERSION = YES;
				CLANG_WARN_OBJC_ROOT_CLASS = YES_ERROR;
				CLANG_WARN_QUOTED_INCLUDE_IN_FRAMEWORK_HEADER = YES;
				CLANG_WARN_RANGE_LOOP_ANALYSIS = YES;
				CLANG_WARN_STRICT_PROTOTYPES = YES;
				CLANG_WARN_SUSPICIOUS_MOVE = YES;
				CLANG_WARN_UNGUARDED_AVAILABILITY = YES_AGGRESSIVE;
				CLANG_WARN_UNREACHABLE_CODE = YES;
				CLANG_WARN__DUPLICATE_METHOD_MATCH = YES;
				COPY_PHASE_STRIP = NO;
				DEBUG_INFORMATION_FORMAT = "dwarf-with-dsym";
				ENABLE_NS_ASSERTIONS = NO;
				ENABLE_STRICT_OBJC_MSGSEND = YES;
				ENABLE_USER_SCRIPT_SANDBOXING = YES;
				GCC_C_LANGUAGE_STANDARD = gnu17;
				GCC_NO_COMMON_BLOCKS = YES;
				GCC_WARN_64_TO_32_BIT_CONVERSION = YES;
				GCC_WARN_ABOUT_RETURN_TYPE = YES_ERROR;
				GCC_WARN_UNDECLARED_SELECTOR = YES;
				GCC_WARN_UNINITIALIZED_AUTOS = YES_AGGRESSIVE;
				GCC_WARN_UNUSED_FUNCTION = YES;
				GCC_WARN_UNUSED_VARIABLE = YES;
				IPHONEOS_DEPLOYMENT_TARGET = 17.4;
				LOCALIZATION_PREFERS_STRING_CATALOGS = YES;
				MTL_ENABLE_DEBUG_INFO = NO;
				MTL_FAST_MATH = YES;
				SDKROOT = iphoneos;
				SWIFT_COMPILATION_MODE = wholemodule;
				VALIDATE_PRODUCT = YES;
			};
			name = Release;
		};
		3243E9EC2CC0310600ACB2B4 /* Debug */ = {
			isa = XCBuildConfiguration;
			buildSettings = {
				ASSETCATALOG_COMPILER_APPICON_NAME = AppIcon;
				ASSETCATALOG_COMPILER_GLOBAL_ACCENT_COLOR_NAME = AccentColor;
				CODE_SIGN_STYLE = Automatic;
				CURRENT_PROJECT_VERSION = 1;
				DEVELOPMENT_ASSET_PATHS = "\"TanTan/Preview Content\"";
				ENABLE_PREVIEWS = YES;
				GENERATE_INFOPLIST_FILE = YES;
				INFOPLIST_KEY_UIApplicationSceneManifest_Generation = YES;
				INFOPLIST_KEY_UIApplicationSupportsIndirectInputEvents = YES;
				INFOPLIST_KEY_UILaunchScreen_Generation = YES;
				INFOPLIST_KEY_UISupportedInterfaceOrientations_iPad = "UIInterfaceOrientationPortrait UIInterfaceOrientationPortraitUpsideDown UIInterfaceOrientationLandscapeLeft UIInterfaceOrientationLandscapeRight";
				INFOPLIST_KEY_UISupportedInterfaceOrientations_iPhone = "UIInterfaceOrientationPortrait UIInterfaceOrientationLandscapeLeft UIInterfaceOrientationLandscapeRight";
				LD_RUNPATH_SEARCH_PATHS = (
					"$(inherited)",
					"@executable_path/Frameworks",
				);
				MARKETING_VERSION = 1.0;
				PRODUCT_BUNDLE_IDENTIFIER = com.autohome.TanTan;
				PRODUCT_NAME = "$(TARGET_NAME)";
				SWIFT_EMIT_LOC_STRINGS = YES;
				SWIFT_VERSION = 5.0;
				TARGETED_DEVICE_FAMILY = "1,2";
			};
			name = Debug;
		};
		3243E9ED2CC0310600ACB2B4 /* Release */ = {
			isa = XCBuildConfiguration;
			buildSettings = {
				ASSETCATALOG_COMPILER_APPICON_NAME = AppIcon;
				ASSETCATALOG_COMPILER_GLOBAL_ACCENT_COLOR_NAME = AccentColor;
				CODE_SIGN_STYLE = Automatic;
				CURRENT_PROJECT_VERSION = 1;
				DEVELOPMENT_ASSET_PATHS = "\"TanTan/Preview Content\"";
				ENABLE_PREVIEWS = YES;
				GENERATE_INFOPLIST_FILE = YES;
				INFOPLIST_KEY_UIApplicationSceneManifest_Generation = YES;
				INFOPLIST_KEY_UIApplicationSupportsIndirectInputEvents = YES;
				INFOPLIST_KEY_UILaunchScreen_Generation = YES;
				INFOPLIST_KEY_UISupportedInterfaceOrientations_iPad = "UIInterfaceOrientationPortrait UIInterfaceOrientationPortraitUpsideDown UIInterfaceOrientationLandscapeLeft UIInterfaceOrientationLandscapeRight";
				INFOPLIST_KEY_UISupportedInterfaceOrientations_iPhone = "UIInterfaceOrientationPortrait UIInterfaceOrientationLandscapeLeft UIInterfaceOrientationLandscapeRight";
				LD_RUNPATH_SEARCH_PATHS = (
					"$(inherited)",
					"@executable_path/Frameworks",
				);
				MARKETING_VERSION = 1.0;
				PRODUCT_BUNDLE_IDENTIFIER = com.autohome.TanTan;
				PRODUCT_NAME = "$(TARGET_NAME)";
				SWIFT_EMIT_LOC_STRINGS = YES;
				SWIFT_VERSION = 5.0;
				TARGETED_DEVICE_FAMILY = "1,2";
			};
			name = Release;
		};
/* End XCBuildConfiguration section */

/* Begin XCConfigurationList section */
		3243E9D82CC0310500ACB2B4 /* Build configuration list for PBXProject "TanTan" */ = {
			isa = XCConfigurationList;
			buildConfigurations = (
				3243E9E92CC0310600ACB2B4 /* Debug */,
				3243E9EA2CC0310600ACB2B4 /* Release */,
			);
			defaultConfigurationIsVisible = 0;
			defaultConfigurationName = Release;
		};
		3243E9EB2CC0310600ACB2B4 /* Build configuration list for PBXNativeTarget "TanTan" */ = {
			isa = XCConfigurationList;
			buildConfigurations = (
				3243E9EC2CC0310600ACB2B4 /* Debug */,
				3243E9ED2CC0310600ACB2B4 /* Release */,
			);
			defaultConfigurationIsVisible = 0;
			defaultConfigurationName = Release;
		};
/* End XCConfigurationList section */
	};
	rootObject = 3243E9D52CC0310500ACB2B4 /* Project object */;
}
